
Microsoft Visual Studio Solution File, Format Version 12.00
# Visual Studio Version 17
VisualStudioVersion = 17.5.002.0
MinimumVisualStudioVersion = 10.0.40219.1
Project("{2150E333-8FDC-42A3-9474-1A3956D46DE8}") = "csharp-prep", "csharp-prep", "{1B49E1BA-C9EC-4000-A096-30AE966CE0F4}"
EndProject
Project("{9A19103F-16F7-4668-BE54-9A1E7A4F7556}") = "Prep1", "csharp-prep\Prep1\Prep1.csproj", "{58E5D317-550C-46F2-973E-A6034800E2FD}"
EndProject
Project("{9A19103F-16F7-4668-BE54-9A1E7A4F7556}") = "Prep2", "csharp-prep\Prep2\Prep2.csproj", "{2DE7EF1F-2E27-4DEC-B6D7-64F42F3B8334}"
EndProject
Project("{9A19103F-16F7-4668-BE54-9A1E7A4F7556}") = "Prep3", "csharp-prep\Prep3\Prep3.csproj", "{790728EA-E6B8-4C0B-807D-2D50728DBA32}"
EndProject
Project("{9A19103F-16F7-4668-BE54-9A1E7A4F7556}") = "Prep4", "csharp-prep\Prep4\Prep4.csproj", "{D13A0D3C-65A9-4BDF-B8A1-C0813EA63896}"
EndProject
Project("{9A19103F-16F7-4668-BE54-9A1E7A4F7556}") = "Prep5", "csharp-prep\Prep5\Prep5.csproj", "{15136329-0172-47A0-BCD5-DBE86012375E}"
EndProject
Project("{2150E333-8FDC-42A3-9474-1A3956D46DE8}") = "final", "final", "{9447D406-786D-4658-BEC0-71F71B9901E3}"
EndProject
Project("{9A19103F-16F7-4668-BE54-9A1E7A4F7556}") = "FinalProject", "final\FinalProject\FinalProject.csproj", "{C3A2F8B9-035C-40D9-B78D-072DC1272E94}"
EndProject
Project("{9A19103F-16F7-4668-BE54-9A1E7A4F7556}") = "Foundation1", "final\Foundation1\Foundation1.csproj", "{3A97D74E-9E6B-4FC7-92D8-E193E9B95187}"
EndProject
Project("{9A19103F-16F7-4668-BE54-9A1E7A4F7556}") = "Foundation2", "final\Foundation2\Foundation2.csproj", "{1D10829A-A899-4685-AE86-6F4E5419108D}"
EndProject
Project("{9A19103F-16F7-4668-BE54-9A1E7A4F7556}") = "Foundation3", "final\Foundation3\Foundation3.csproj", "{54D4886D-7CED-4FFD-8B5E-0BD91873168C}"
EndProject
Project("{9A19103F-16F7-4668-BE54-9A1E7A4F7556}") = "Foundation4", "final\Foundation4\Foundation4.csproj", "{E2B11FD8-EA5D-4D59-9054-BA92F84C3561}"
EndProject
Project("{2150E333-8FDC-42A3-9474-1A3956D46DE8}") = "prepare", "prepare", "{14DDB98D-8C82-4965-BB61-C3B2C6F6874F}"
EndProject
Project("{9A19103F-16F7-4668-BE54-9A1E7A4F7556}") = "Learning02", "prepare\Learning02\Learning02.csproj", "{F64CEB0D-C2C3-452E-84D3-2D2DF14AF341}"
EndProject
Project("{9A19103F-16F7-4668-BE54-9A1E7A4F7556}") = "Learning03", "prepare\Learning03\Learning03.csproj", "{088F3721-F65E-453C-A25A-F991F14EDB22}"
EndProject
Project("{9A19103F-16F7-4668-BE54-9A1E7A4F7556}") = "Learning04", "prepare\Learning04\Learning04.csproj", "{9071A8ED-1B53-4F5F-B75F-5D8B98ECB087}"
EndProject
Project("{9A19103F-16F7-4668-BE54-9A1E7A4F7556}") = "Learning05", "prepare\Learning05\Learning05.csproj", "{28EDE583-8378-4CE0-A3CF-ED6A6F5B5A53}"
EndProject
Project("{2150E333-8FDC-42A3-9474-1A3956D46DE8}") = "prove", "prove", "{13F6B3AE-19DB-49A8-87CC-0DFA21D3868F}"
EndProject
Project("{9A19103F-16F7-4668-BE54-9A1E7A4F7556}") = "Develop02", "prove\Develop02\Develop02.csproj", "{7835E0BE-D142-4226-B991-752C29D1EB09}"
EndProject
Project("{9A19103F-16F7-4668-BE54-9A1E7A4F7556}") = "Develop03", "prove\Develop03\Develop03.csproj", "{9869D0D8-3CB1-4973-A72F-E97FF570CD84}"
EndProject
Project("{9A19103F-16F7-4668-BE54-9A1E7A4F7556}") = "Develop04", "prove\Develop04\Develop04.csproj", "{571A8450-77E0-426F-9A3E-DA52C59BF4F7}"
EndProject
Project("{9A19103F-16F7-4668-BE54-9A1E7A4F7556}") = "Develop05", "prove\Develop05\Develop05.csproj", "{0366AD1C-47A5-46A6-A6D1-9FFC010F38FF}"
EndProject
Project("{2150E333-8FDC-42A3-9474-1A3956D46DE8}") = "sandbox", "sandbox", "{F76C156B-8A7A-488C-B6AF-3DB41ECF0341}"
EndProject
Project("{9A19103F-16F7-4668-BE54-9A1E7A4F7556}") = "Sandbox", "sandbox\Sandbox\Sandbox.csproj", "{7AB371B5-8A62-4356-8153-6B719E17C96E}"
EndProject
Global
	GlobalSection(SolutionConfigurationPlatforms) = preSolution
		Debug|Any CPU = Debug|Any CPU
		Release|Any CPU = Release|Any CPU
	EndGlobalSection
	GlobalSection(ProjectConfigurationPlatforms) = postSolution
		{58E5D317-550C-46F2-973E-A6034800E2FD}.Debug|Any CPU.ActiveCfg = Debug|Any CPU
		{58E5D317-550C-46F2-973E-A6034800E2FD}.Debug|Any CPU.Build.0 = Debug|Any CPU
		{58E5D317-550C-46F2-973E-A6034800E2FD}.Release|Any CPU.ActiveCfg = Release|Any CPU
		{58E5D317-550C-46F2-973E-A6034800E2FD}.Release|Any CPU.Build.0 = Release|Any CPU
		{2DE7EF1F-2E27-4DEC-B6D7-64F42F3B8334}.Debug|Any CPU.ActiveCfg = Debug|Any CPU
		{2DE7EF1F-2E27-4DEC-B6D7-64F42F3B8334}.Debug|Any CPU.Build.0 = Debug|Any CPU
		{2DE7EF1F-2E27-4DEC-B6D7-64F42F3B8334}.Release|Any CPU.ActiveCfg = Release|Any CPU
		{2DE7EF1F-2E27-4DEC-B6D7-64F42F3B8334}.Release|Any CPU.Build.0 = Release|Any CPU
		{790728EA-E6B8-4C0B-807D-2D50728DBA32}.Debug|Any CPU.ActiveCfg = Debug|Any CPU
		{790728EA-E6B8-4C0B-807D-2D50728DBA32}.Debug|Any CPU.Build.0 = Debug|Any CPU
		{790728EA-E6B8-4C0B-807D-2D50728DBA32}.Release|Any CPU.ActiveCfg = Release|Any CPU
		{790728EA-E6B8-4C0B-807D-2D50728DBA32}.Release|Any CPU.Build.0 = Release|Any CPU
		{D13A0D3C-65A9-4BDF-B8A1-C0813EA63896}.Debug|Any CPU.ActiveCfg = Debug|Any CPU
		{D13A0D3C-65A9-4BDF-B8A1-C0813EA63896}.Debug|Any CPU.Build.0 = Debug|Any CPU
		{D13A0D3C-65A9-4BDF-B8A1-C0813EA63896}.Release|Any CPU.ActiveCfg = Release|Any CPU
		{D13A0D3C-65A9-4BDF-B8A1-C0813EA63896}.Release|Any CPU.Build.0 = Release|Any CPU
		{15136329-0172-47A0-BCD5-DBE86012375E}.Debug|Any CPU.ActiveCfg = Debug|Any CPU
		{15136329-0172-47A0-BCD5-DBE86012375E}.Debug|Any CPU.Build.0 = Debug|Any CPU
		{15136329-0172-47A0-BCD5-DBE86012375E}.Release|Any CPU.ActiveCfg = Release|Any CPU
		{15136329-0172-47A0-BCD5-DBE86012375E}.Release|Any CPU.Build.0 = Release|Any CPU
		{C3A2F8B9-035C-40D9-B78D-072DC1272E94}.Debug|Any CPU.ActiveCfg = Debug|Any CPU
		{C3A2F8B9-035C-40D9-B78D-072DC1272E94}.Debug|Any CPU.Build.0 = Debug|Any CPU
		{C3A2F8B9-035C-40D9-B78D-072DC1272E94}.Release|Any CPU.ActiveCfg = Release|Any CPU
		{C3A2F8B9-035C-40D9-B78D-072DC1272E94}.Release|Any CPU.Build.0 = Release|Any CPU
		{3A97D74E-9E6B-4FC7-92D8-E193E9B95187}.Debug|Any CPU.ActiveCfg = Debug|Any CPU
		{3A97D74E-9E6B-4FC7-92D8-E193E9B95187}.Debug|Any CPU.Build.0 = Debug|Any CPU
		{3A97D74E-9E6B-4FC7-92D8-E193E9B95187}.Release|Any CPU.ActiveCfg = Release|Any CPU
		{3A97D74E-9E6B-4FC7-92D8-E193E9B95187}.Release|Any CPU.Build.0 = Release|Any CPU
		{1D10829A-A899-4685-AE86-6F4E5419108D}.Debug|Any CPU.ActiveCfg = Debug|Any CPU
		{1D10829A-A899-4685-AE86-6F4E5419108D}.Debug|Any CPU.Build.0 = Debug|Any CPU
		{1D10829A-A899-4685-AE86-6F4E5419108D}.Release|Any CPU.ActiveCfg = Release|Any CPU
		{1D10829A-A899-4685-AE86-6F4E5419108D}.Release|Any CPU.Build.0 = Release|Any CPU
		{54D4886D-7CED-4FFD-8B5E-0BD91873168C}.Debug|Any CPU.ActiveCfg = Debug|Any CPU
		{54D4886D-7CED-4FFD-8B5E-0BD91873168C}.Debug|Any CPU.Build.0 = Debug|Any CPU
		{54D4886D-7CED-4FFD-8B5E-0BD91873168C}.Release|Any CPU.ActiveCfg = Release|Any CPU
		{54D4886D-7CED-4FFD-8B5E-0BD91873168C}.Release|Any CPU.Build.0 = Release|Any CPU
		{E2B11FD8-EA5D-4D59-9054-BA92F84C3561}.Debug|Any CPU.ActiveCfg = Debug|Any CPU
		{E2B11FD8-EA5D-4D59-9054-BA92F84C3561}.Debug|Any CPU.Build.0 = Debug|Any CPU
		{E2B11FD8-EA5D-4D59-9054-BA92F84C3561}.Release|Any CPU.ActiveCfg = Release|Any CPU
		{E2B11FD8-EA5D-4D59-9054-BA92F84C3561}.Release|Any CPU.Build.0 = Release|Any CPU
		{F64CEB0D-C2C3-452E-84D3-2D2DF14AF341}.Debug|Any CPU.ActiveCfg = Debug|Any CPU
		{F64CEB0D-C2C3-452E-84D3-2D2DF14AF341}.Debug|Any CPU.Build.0 = Debug|Any CPU
		{F64CEB0D-C2C3-452E-84D3-2D2DF14AF341}.Release|Any CPU.ActiveCfg = Release|Any CPU
		{F64CEB0D-C2C3-452E-84D3-2D2DF14AF341}.Release|Any CPU.Build.0 = Release|Any CPU
		{088F3721-F65E-453C-A25A-F991F14EDB22}.Debug|Any CPU.ActiveCfg = Debug|Any CPU
		{088F3721-F65E-453C-A25A-F991F14EDB22}.Debug|Any CPU.Build.0 = Debug|Any CPU
		{088F3721-F65E-453C-A25A-F991F14EDB22}.Release|Any CPU.ActiveCfg = Release|Any CPU
		{088F3721-F65E-453C-A25A-F991F14EDB22}.Release|Any CPU.Build.0 = Release|Any CPU
		{9071A8ED-1B53-4F5F-B75F-5D8B98ECB087}.Debug|Any CPU.ActiveCfg = Debug|Any CPU
		{9071A8ED-1B53-4F5F-B75F-5D8B98ECB087}.Debug|Any CPU.Build.0 = Debug|Any CPU
		{9071A8ED-1B53-4F5F-B75F-5D8B98ECB087}.Release|Any CPU.ActiveCfg = Release|Any CPU
		{9071A8ED-1B53-4F5F-B75F-5D8B98ECB087}.Release|Any CPU.Build.0 = Release|Any CPU
		{28EDE583-8378-4CE0-A3CF-ED6A6F5B5A53}.Debug|Any CPU.ActiveCfg = Debug|Any CPU
		{28EDE583-8378-4CE0-A3CF-ED6A6F5B5A53}.Debug|Any CPU.Build.0 = Debug|Any CPU
		{28EDE583-8378-4CE0-A3CF-ED6A6F5B5A53}.Release|Any CPU.ActiveCfg = Release|Any CPU
		{28EDE583-8378-4CE0-A3CF-ED6A6F5B5A53}.Release|Any CPU.Build.0 = Release|Any CPU
		{7835E0BE-D142-4226-B991-752C29D1EB09}.Debug|Any CPU.ActiveCfg = Debug|Any CPU
		{7835E0BE-D142-4226-B991-752C29D1EB09}.Debug|Any CPU.Build.0 = Debug|Any CPU
		{7835E0BE-D142-4226-B991-752C29D1EB09}.Release|Any CPU.ActiveCfg = Release|Any CPU
		{7835E0BE-D142-4226-B991-752C29D1EB09}.Release|Any CPU.Build.0 = Release|Any CPU
		{9869D0D8-3CB1-4973-A72F-E97FF570CD84}.Debug|Any CPU.ActiveCfg = Debug|Any CPU
		{9869D0D8-3CB1-4973-A72F-E97FF570CD84}.Debug|Any CPU.Build.0 = Debug|Any CPU
		{9869D0D8-3CB1-4973-A72F-E97FF570CD84}.Release|Any CPU.ActiveCfg = Release|Any CPU
		{9869D0D8-3CB1-4973-A72F-E97FF570CD84}.Release|Any CPU.Build.0 = Release|Any CPU
		{571A8450-77E0-426F-9A3E-DA52C59BF4F7}.Debug|Any CPU.ActiveCfg = Debug|Any CPU
		{571A8450-77E0-426F-9A3E-DA52C59BF4F7}.Debug|Any CPU.Build.0 = Debug|Any CPU
		{571A8450-77E0-426F-9A3E-DA52C59BF4F7}.Release|Any CPU.ActiveCfg = Release|Any CPU
		{571A8450-77E0-426F-9A3E-DA52C59BF4F7}.Release|Any CPU.Build.0 = Release|Any CPU
		{0366AD1C-47A5-46A6-A6D1-9FFC010F38FF}.Debug|Any CPU.ActiveCfg = Debug|Any CPU
		{0366AD1C-47A5-46A6-A6D1-9FFC010F38FF}.Debug|Any CPU.Build.0 = Debug|Any CPU
		{0366AD1C-47A5-46A6-A6D1-9FFC010F38FF}.Release|Any CPU.ActiveCfg = Release|Any CPU
		{0366AD1C-47A5-46A6-A6D1-9FFC010F38FF}.Release|Any CPU.Build.0 = Release|Any CPU
		{7AB371B5-8A62-4356-8153-6B719E17C96E}.Debug|Any CPU.ActiveCfg = Debug|Any CPU
		{7AB371B5-8A62-4356-8153-6B719E17C96E}.Debug|Any CPU.Build.0 = Debug|Any CPU
		{7AB371B5-8A62-4356-8153-6B719E17C96E}.Release|Any CPU.ActiveCfg = Release|Any CPU
		{7AB371B5-8A62-4356-8153-6B719E17C96E}.Release|Any CPU.Build.0 = Release|Any CPU
	EndGlobalSection
	GlobalSection(SolutionProperties) = preSolution
		HideSolutionNode = FALSE
	EndGlobalSection
	GlobalSection(NestedProjects) = preSolution
		{58E5D317-550C-46F2-973E-A6034800E2FD} = {1B49E1BA-C9EC-4000-A096-30AE966CE0F4}
		{2DE7EF1F-2E27-4DEC-B6D7-64F42F3B8334} = {1B49E1BA-C9EC-4000-A096-30AE966CE0F4}
		{790728EA-E6B8-4C0B-807D-2D50728DBA32} = {1B49E1BA-C9EC-4000-A096-30AE966CE0F4}
		{D13A0D3C-65A9-4BDF-B8A1-C0813EA63896} = {1B49E1BA-C9EC-4000-A096-30AE966CE0F4}
		{15136329-0172-47A0-BCD5-DBE86012375E} = {1B49E1BA-C9EC-4000-A096-30AE966CE0F4}
		{C3A2F8B9-035C-40D9-B78D-072DC1272E94} = {9447D406-786D-4658-BEC0-71F71B9901E3}
		{3A97D74E-9E6B-4FC7-92D8-E193E9B95187} = {9447D406-786D-4658-BEC0-71F71B9901E3}
		{1D10829A-A899-4685-AE86-6F4E5419108D} = {9447D406-786D-4658-BEC0-71F71B9901E3}
		{54D4886D-7CED-4FFD-8B5E-0BD91873168C} = {9447D406-786D-4658-BEC0-71F71B9901E3}
		{E2B11FD8-EA5D-4D59-9054-BA92F84C3561} = {9447D406-786D-4658-BEC0-71F71B9901E3}
		{F64CEB0D-C2C3-452E-84D3-2D2DF14AF341} = {14DDB98D-8C82-4965-BB61-C3B2C6F6874F}
		{088F3721-F65E-453C-A25A-F991F14EDB22} = {14DDB98D-8C82-4965-BB61-C3B2C6F6874F}
		{9071A8ED-1B53-4F5F-B75F-5D8B98ECB087} = {14DDB98D-8C82-4965-BB61-C3B2C6F6874F}
		{28EDE583-8378-4CE0-A3CF-ED6A6F5B5A53} = {14DDB98D-8C82-4965-BB61-C3B2C6F6874F}
		{7835E0BE-D142-4226-B991-752C29D1EB09} = {13F6B3AE-19DB-49A8-87CC-0DFA21D3868F}
		{9869D0D8-3CB1-4973-A72F-E97FF570CD84} = {13F6B3AE-19DB-49A8-87CC-0DFA21D3868F}
		{571A8450-77E0-426F-9A3E-DA52C59BF4F7} = {13F6B3AE-19DB-49A8-87CC-0DFA21D3868F}
		{0366AD1C-47A5-46A6-A6D1-9FFC010F38FF} = {13F6B3AE-19DB-49A8-87CC-0DFA21D3868F}
		{7AB371B5-8A62-4356-8153-6B719E17C96E} = {F76C156B-8A7A-488C-B6AF-3DB41ECF0341}
	EndGlobalSection
	GlobalSection(ExtensibilityGlobals) = postSolution
		SolutionGuid = {B9C527E5-4508-4157-A562-945F54BB9089}
	EndGlobalSection
EndGlobal
